
Microsoft Visual Studio Solution File, Format Version 12.00
# Visual Studio Version 17
VisualStudioVersion = 17.9.34728.123
MinimumVisualStudioVersion = 10.0.40219.1
Project("{FAE04EC0-301F-11D3-BF4B-00C04F79EFBC}") = "HotelApp", "HotelApp\HotelApp.csproj", "{72BA6F42-9E7B-4DB8-988A-5CBC0AF65B94}"
EndProject
Global
	GlobalSection(SolutionConfigurationPlatforms) = preSolution
		Debug|Any CPU = Debug|Any CPU
		Release|Any CPU = Release|Any CPU
	EndGlobalSection
	GlobalSection(ProjectConfigurationPlatforms) = postSolution
		{72BA6F42-9E7B-4DB8-988A-5CBC0AF65B94}.Debug|Any CPU.ActiveCfg = Debug|Any CPU
		{72BA6F42-9E7B-4DB8-988A-5CBC0AF65B94}.Debug|Any CPU.Build.0 = Debug|Any CPU
		{72BA6F42-9E7B-4DB8-988A-5CBC0AF65B94}.Release|Any CPU.ActiveCfg = Release|Any CPU
		{72BA6F42-9E7B-4DB8-988A-5CBC0AF65B94}.Release|Any CPU.Build.0 = Release|Any CPU
	EndGlobalSection
	GlobalSection(SolutionProperties) = preSolution
		HideSolutionNode = FALSE
	EndGlobalSection
	GlobalSection(ExtensibilityGlobals) = postSolution
		SolutionGuid = {4CFBB0F1-8EAB-426A-B605-8A25E53D7C73}
	EndGlobalSection
EndGlobal
